
Microsoft Visual Studio Solution File, Format Version 12.00
# Visual Studio 2013
VisualStudioVersion = 12.0.40629.0
MinimumVisualStudioVersion = 10.0.40219.1
Project("{8BC9CEB8-8B4A-11D0-8D11-00A0C91BC942}") = "solar", "solar\solar.vcxproj", "{CDB78FFD-AB4F-4D69-81C3-B75DC930C874}"
EndProject
Global
	GlobalSection(SolutionConfigurationPlatforms) = preSolution
		Debug|Win32 = Debug|Win32
		Release|Win32 = Release|Win32
	EndGlobalSection
	GlobalSection(ProjectConfigurationPlatforms) = postSolution
		{CDB78FFD-AB4F-4D69-81C3-B75DC930C874}.Debug|Win32.ActiveCfg = Debug|Win32
		{CDB78FFD-AB4F-4D69-81C3-B75DC930C874}.Debug|Win32.Build.0 = Debug|Win32
		{CDB78FFD-AB4F-4D69-81C3-B75DC930C874}.Release|Win32.ActiveCfg = Release|Win32
		{CDB78FFD-AB4F-4D69-81C3-B75DC930C874}.Release|Win32.Build.0 = Release|Win32
	EndGlobalSection
	GlobalSection(SolutionProperties) = preSolution
		HideSolutionNode = FALSE
	EndGlobalSection
EndGlobal
